
Microsoft Visual Studio Solution File, Format Version 12.00
# Visual Studio Version 16
VisualStudioVersion = 16.0.29025.244
MinimumVisualStudioVersion = 10.0.40219.1
Project("{FAE04EC0-301F-11D3-BF4B-00C04F79EFBC}") = "DataLayer", "DataLayer\DataLayer.csproj", "{424467F5-13B0-4548-92FD-E759C62E2876}"
EndProject
Project("{FAE04EC0-301F-11D3-BF4B-00C04F79EFBC}") = "BusinessLayer", "BusinessLayer\BusinessLayer.csproj", "{3A5E9481-81C9-42E5-AD64-E0C1E8AB6A00}"
EndProject
Project("{FAE04EC0-301F-11D3-BF4B-00C04F79EFBC}") = "PresentationLayer", "PresentationLayer\PresentationLayer.csproj", "{D45D0DDC-6F0A-4446-ACAE-4E0C68FD247A}"
EndProject
Global
	GlobalSection(SolutionConfigurationPlatforms) = preSolution
		Debug|Any CPU = Debug|Any CPU
		Release|Any CPU = Release|Any CPU
	EndGlobalSection
	GlobalSection(ProjectConfigurationPlatforms) = postSolution
		{424467F5-13B0-4548-92FD-E759C62E2876}.Debug|Any CPU.ActiveCfg = Debug|Any CPU
		{424467F5-13B0-4548-92FD-E759C62E2876}.Debug|Any CPU.Build.0 = Debug|Any CPU
		{424467F5-13B0-4548-92FD-E759C62E2876}.Release|Any CPU.ActiveCfg = Release|Any CPU
		{424467F5-13B0-4548-92FD-E759C62E2876}.Release|Any CPU.Build.0 = Release|Any CPU
		{3A5E9481-81C9-42E5-AD64-E0C1E8AB6A00}.Debug|Any CPU.ActiveCfg = Debug|Any CPU
		{3A5E9481-81C9-42E5-AD64-E0C1E8AB6A00}.Debug|Any CPU.Build.0 = Debug|Any CPU
		{3A5E9481-81C9-42E5-AD64-E0C1E8AB6A00}.Release|Any CPU.ActiveCfg = Release|Any CPU
		{3A5E9481-81C9-42E5-AD64-E0C1E8AB6A00}.Release|Any CPU.Build.0 = Release|Any CPU
		{D45D0DDC-6F0A-4446-ACAE-4E0C68FD247A}.Debug|Any CPU.ActiveCfg = Debug|Any CPU
		{D45D0DDC-6F0A-4446-ACAE-4E0C68FD247A}.Debug|Any CPU.Build.0 = Debug|Any CPU
		{D45D0DDC-6F0A-4446-ACAE-4E0C68FD247A}.Release|Any CPU.ActiveCfg = Release|Any CPU
		{D45D0DDC-6F0A-4446-ACAE-4E0C68FD247A}.Release|Any CPU.Build.0 = Release|Any CPU
	EndGlobalSection
	GlobalSection(SolutionProperties) = preSolution
		HideSolutionNode = FALSE
	EndGlobalSection
	GlobalSection(ExtensibilityGlobals) = postSolution
		SolutionGuid = {36445F19-56D1-4CF0-9D32-A4D60ACAB3A0}
	EndGlobalSection
EndGlobal
